
Microsoft Visual Studio Solution File, Format Version 12.00
# Visual Studio Version 17
VisualStudioVersion = 17.5.002.0
MinimumVisualStudioVersion = 10.0.40219.1
Project("{9A19103F-16F7-4668-BE54-9A1E7A4F7556}") = "TiemKiet", "TiemKiet.csproj", "{B55C0E38-E69C-4CF9-9308-673F93117529}"
EndProject
Global
	GlobalSection(SolutionConfigurationPlatforms) = preSolution
		Debug|Any CPU = Debug|Any CPU
		Release|Any CPU = Release|Any CPU
	EndGlobalSection
	GlobalSection(ProjectConfigurationPlatforms) = postSolution
		{B55C0E38-E69C-4CF9-9308-673F93117529}.Debug|Any CPU.ActiveCfg = Debug|Any CPU
		{B55C0E38-E69C-4CF9-9308-673F93117529}.Debug|Any CPU.Build.0 = Debug|Any CPU
		{B55C0E38-E69C-4CF9-9308-673F93117529}.Release|Any CPU.ActiveCfg = Release|Any CPU
		{B55C0E38-E69C-4CF9-9308-673F93117529}.Release|Any CPU.Build.0 = Release|Any CPU
	EndGlobalSection
	GlobalSection(SolutionProperties) = preSolution
		HideSolutionNode = FALSE
	EndGlobalSection
	GlobalSection(ExtensibilityGlobals) = postSolution
		SolutionGuid = {EA45EAF2-BAA9-4041-A213-39A7E8583BE6}
	EndGlobalSection
EndGlobal
