
Microsoft Visual Studio Solution File, Format Version 12.00
# Visual Studio Version 17
VisualStudioVersion = 17.4.33122.133
MinimumVisualStudioVersion = 10.0.40219.1
Project("{9A19103F-16F7-4668-BE54-9A1E7A4F7556}") = "TiemKiet", "TiemKiet\TiemKiet.csproj", "{4DA492B3-A9BD-4F6A-B86E-DD0D6B5C8CF5}"
EndProject
Project("{2150E333-8FDC-42A3-9474-1A3956D46DE8}") = "Solution Items", "Solution Items", "{1FA31EBC-8CAD-43CB-A57E-9073875773F1}"
	ProjectSection(SolutionItems) = preProject
		.editorconfig = .editorconfig
	EndProjectSection
EndProject
Project("{FAE04EC0-301F-11D3-BF4B-00C04F79EFBC}") = "TiemKietAPI", "TiemKietAPI\TiemKietAPI.csproj", "{77650129-9858-47D6-8102-766C3E8C4552}"
EndProject
Global
	GlobalSection(SolutionConfigurationPlatforms) = preSolution
		Debug|Any CPU = Debug|Any CPU
		Release|Any CPU = Release|Any CPU
	EndGlobalSection
	GlobalSection(ProjectConfigurationPlatforms) = postSolution
		{4DA492B3-A9BD-4F6A-B86E-DD0D6B5C8CF5}.Debug|Any CPU.ActiveCfg = Debug|Any CPU
		{4DA492B3-A9BD-4F6A-B86E-DD0D6B5C8CF5}.Debug|Any CPU.Build.0 = Debug|Any CPU
		{4DA492B3-A9BD-4F6A-B86E-DD0D6B5C8CF5}.Release|Any CPU.ActiveCfg = Release|Any CPU
		{4DA492B3-A9BD-4F6A-B86E-DD0D6B5C8CF5}.Release|Any CPU.Build.0 = Release|Any CPU
		{77650129-9858-47D6-8102-766C3E8C4552}.Debug|Any CPU.ActiveCfg = Debug|Any CPU
		{77650129-9858-47D6-8102-766C3E8C4552}.Debug|Any CPU.Build.0 = Debug|Any CPU
		{77650129-9858-47D6-8102-766C3E8C4552}.Release|Any CPU.ActiveCfg = Release|Any CPU
		{77650129-9858-47D6-8102-766C3E8C4552}.Release|Any CPU.Build.0 = Release|Any CPU
	EndGlobalSection
	GlobalSection(SolutionProperties) = preSolution
		HideSolutionNode = FALSE
	EndGlobalSection
	GlobalSection(ExtensibilityGlobals) = postSolution
		SolutionGuid = {37B54C88-5CC6-4778-9F4B-C4CFF0385AF2}
	EndGlobalSection
EndGlobal
